
Microsoft Visual Studio Solution File, Format Version 12.00
# Visual Studio Version 16
VisualStudioVersion = 16.0.31019.35
MinimumVisualStudioVersion = 10.0.40219.1
Project("{8BC9CEB8-8B4A-11D0-8D11-00A0C91BC942}") = "5월 12일", "5월 12일\5월 12일.vcxproj", "{118A3194-8550-4C8C-BE69-41E0AFD5803F}"
EndProject
Global
	GlobalSection(SolutionConfigurationPlatforms) = preSolution
		Debug|x64 = Debug|x64
		Debug|x86 = Debug|x86
		Release|x64 = Release|x64
		Release|x86 = Release|x86
	EndGlobalSection
	GlobalSection(ProjectConfigurationPlatforms) = postSolution
		{118A3194-8550-4C8C-BE69-41E0AFD5803F}.Debug|x64.ActiveCfg = Debug|x64
		{118A3194-8550-4C8C-BE69-41E0AFD5803F}.Debug|x64.Build.0 = Debug|x64
		{118A3194-8550-4C8C-BE69-41E0AFD5803F}.Debug|x86.ActiveCfg = Debug|Win32
		{118A3194-8550-4C8C-BE69-41E0AFD5803F}.Debug|x86.Build.0 = Debug|Win32
		{118A3194-8550-4C8C-BE69-41E0AFD5803F}.Release|x64.ActiveCfg = Release|x64
		{118A3194-8550-4C8C-BE69-41E0AFD5803F}.Release|x64.Build.0 = Release|x64
		{118A3194-8550-4C8C-BE69-41E0AFD5803F}.Release|x86.ActiveCfg = Release|Win32
		{118A3194-8550-4C8C-BE69-41E0AFD5803F}.Release|x86.Build.0 = Release|Win32
	EndGlobalSection
	GlobalSection(SolutionProperties) = preSolution
		HideSolutionNode = FALSE
	EndGlobalSection
	GlobalSection(ExtensibilityGlobals) = postSolution
		SolutionGuid = {C6ACCCC7-D6CF-44E7-BD58-49E2217F0167}
	EndGlobalSection
EndGlobal
