
Microsoft Visual Studio Solution File, Format Version 12.00
# Visual Studio Version 16
VisualStudioVersion = 16.0.31019.35
MinimumVisualStudioVersion = 10.0.40219.1
Project("{8BC9CEB8-8B4A-11D0-8D11-00A0C91BC942}") = "c언어", "c언어\c언어.vcxproj", "{F07A2677-B2D6-4336-BA73-476D69431727}"
EndProject
Global
	GlobalSection(SolutionConfigurationPlatforms) = preSolution
		Debug|x64 = Debug|x64
		Debug|x86 = Debug|x86
		Release|x64 = Release|x64
		Release|x86 = Release|x86
	EndGlobalSection
	GlobalSection(ProjectConfigurationPlatforms) = postSolution
		{F07A2677-B2D6-4336-BA73-476D69431727}.Debug|x64.ActiveCfg = Debug|x64
		{F07A2677-B2D6-4336-BA73-476D69431727}.Debug|x64.Build.0 = Debug|x64
		{F07A2677-B2D6-4336-BA73-476D69431727}.Debug|x86.ActiveCfg = Debug|Win32
		{F07A2677-B2D6-4336-BA73-476D69431727}.Debug|x86.Build.0 = Debug|Win32
		{F07A2677-B2D6-4336-BA73-476D69431727}.Release|x64.ActiveCfg = Release|x64
		{F07A2677-B2D6-4336-BA73-476D69431727}.Release|x64.Build.0 = Release|x64
		{F07A2677-B2D6-4336-BA73-476D69431727}.Release|x86.ActiveCfg = Release|Win32
		{F07A2677-B2D6-4336-BA73-476D69431727}.Release|x86.Build.0 = Release|Win32
	EndGlobalSection
	GlobalSection(SolutionProperties) = preSolution
		HideSolutionNode = FALSE
	EndGlobalSection
	GlobalSection(ExtensibilityGlobals) = postSolution
		SolutionGuid = {11A6A13E-7571-49DC-B928-0F06B1831F0B}
	EndGlobalSection
EndGlobal
