
Microsoft Visual Studio Solution File, Format Version 12.00
# Visual Studio Version 16
VisualStudioVersion = 16.0.31019.35
MinimumVisualStudioVersion = 10.0.40219.1
Project("{8BC9CEB8-8B4A-11D0-8D11-00A0C91BC942}") = "Project1", "Project1\Project1.vcxproj", "{B922EF97-DCD4-47B9-8CD5-B431F3AFD2A1}"
EndProject
Global
	GlobalSection(SolutionConfigurationPlatforms) = preSolution
		Debug|x64 = Debug|x64
		Debug|x86 = Debug|x86
		Release|x64 = Release|x64
		Release|x86 = Release|x86
	EndGlobalSection
	GlobalSection(ProjectConfigurationPlatforms) = postSolution
		{B922EF97-DCD4-47B9-8CD5-B431F3AFD2A1}.Debug|x64.ActiveCfg = Debug|x64
		{B922EF97-DCD4-47B9-8CD5-B431F3AFD2A1}.Debug|x64.Build.0 = Debug|x64
		{B922EF97-DCD4-47B9-8CD5-B431F3AFD2A1}.Debug|x86.ActiveCfg = Debug|Win32
		{B922EF97-DCD4-47B9-8CD5-B431F3AFD2A1}.Debug|x86.Build.0 = Debug|Win32
		{B922EF97-DCD4-47B9-8CD5-B431F3AFD2A1}.Release|x64.ActiveCfg = Release|x64
		{B922EF97-DCD4-47B9-8CD5-B431F3AFD2A1}.Release|x64.Build.0 = Release|x64
		{B922EF97-DCD4-47B9-8CD5-B431F3AFD2A1}.Release|x86.ActiveCfg = Release|Win32
		{B922EF97-DCD4-47B9-8CD5-B431F3AFD2A1}.Release|x86.Build.0 = Release|Win32
	EndGlobalSection
	GlobalSection(SolutionProperties) = preSolution
		HideSolutionNode = FALSE
	EndGlobalSection
	GlobalSection(ExtensibilityGlobals) = postSolution
		SolutionGuid = {812A4CD7-7E94-46DE-9D14-50C93B20186D}
	EndGlobalSection
EndGlobal
