
Microsoft Visual Studio Solution File, Format Version 12.00
# Visual Studio Version 16
VisualStudioVersion = 16.0.31019.35
MinimumVisualStudioVersion = 10.0.40219.1
Project("{8BC9CEB8-8B4A-11D0-8D11-00A0C91BC942}") = "5월 15일", "5월 15일\5월 15일.vcxproj", "{0AF50BC2-8061-4DEA-9235-03F1F421F10F}"
EndProject
Global
	GlobalSection(SolutionConfigurationPlatforms) = preSolution
		Debug|x64 = Debug|x64
		Debug|x86 = Debug|x86
		Release|x64 = Release|x64
		Release|x86 = Release|x86
	EndGlobalSection
	GlobalSection(ProjectConfigurationPlatforms) = postSolution
		{0AF50BC2-8061-4DEA-9235-03F1F421F10F}.Debug|x64.ActiveCfg = Debug|x64
		{0AF50BC2-8061-4DEA-9235-03F1F421F10F}.Debug|x64.Build.0 = Debug|x64
		{0AF50BC2-8061-4DEA-9235-03F1F421F10F}.Debug|x86.ActiveCfg = Debug|Win32
		{0AF50BC2-8061-4DEA-9235-03F1F421F10F}.Debug|x86.Build.0 = Debug|Win32
		{0AF50BC2-8061-4DEA-9235-03F1F421F10F}.Release|x64.ActiveCfg = Release|x64
		{0AF50BC2-8061-4DEA-9235-03F1F421F10F}.Release|x64.Build.0 = Release|x64
		{0AF50BC2-8061-4DEA-9235-03F1F421F10F}.Release|x86.ActiveCfg = Release|Win32
		{0AF50BC2-8061-4DEA-9235-03F1F421F10F}.Release|x86.Build.0 = Release|Win32
	EndGlobalSection
	GlobalSection(SolutionProperties) = preSolution
		HideSolutionNode = FALSE
	EndGlobalSection
	GlobalSection(ExtensibilityGlobals) = postSolution
		SolutionGuid = {F62ECD03-723A-4D62-9B6D-228593FDCC35}
	EndGlobalSection
EndGlobal
