
Microsoft Visual Studio Solution File, Format Version 12.00
# Visual Studio Version 16
VisualStudioVersion = 16.0.31019.35
MinimumVisualStudioVersion = 10.0.40219.1
Project("{8BC9CEB8-8B4A-11D0-8D11-00A0C91BC942}") = "자료구조 수행평가", "자료구조 수행평가\자료구조 수행평가.vcxproj", "{586C2100-64FE-46AE-9B6E-3F0972CDCDFD}"
EndProject
Global
	GlobalSection(SolutionConfigurationPlatforms) = preSolution
		Debug|x64 = Debug|x64
		Debug|x86 = Debug|x86
		Release|x64 = Release|x64
		Release|x86 = Release|x86
	EndGlobalSection
	GlobalSection(ProjectConfigurationPlatforms) = postSolution
		{586C2100-64FE-46AE-9B6E-3F0972CDCDFD}.Debug|x64.ActiveCfg = Debug|x64
		{586C2100-64FE-46AE-9B6E-3F0972CDCDFD}.Debug|x64.Build.0 = Debug|x64
		{586C2100-64FE-46AE-9B6E-3F0972CDCDFD}.Debug|x86.ActiveCfg = Debug|Win32
		{586C2100-64FE-46AE-9B6E-3F0972CDCDFD}.Debug|x86.Build.0 = Debug|Win32
		{586C2100-64FE-46AE-9B6E-3F0972CDCDFD}.Release|x64.ActiveCfg = Release|x64
		{586C2100-64FE-46AE-9B6E-3F0972CDCDFD}.Release|x64.Build.0 = Release|x64
		{586C2100-64FE-46AE-9B6E-3F0972CDCDFD}.Release|x86.ActiveCfg = Release|Win32
		{586C2100-64FE-46AE-9B6E-3F0972CDCDFD}.Release|x86.Build.0 = Release|Win32
	EndGlobalSection
	GlobalSection(SolutionProperties) = preSolution
		HideSolutionNode = FALSE
	EndGlobalSection
	GlobalSection(ExtensibilityGlobals) = postSolution
		SolutionGuid = {A53EA95A-1559-443E-B4E2-976909E9AFB5}
	EndGlobalSection
EndGlobal
