
Microsoft Visual Studio Solution File, Format Version 12.00
# Visual Studio Version 16
VisualStudioVersion = 16.0.31019.35
MinimumVisualStudioVersion = 10.0.40219.1
Project("{FAE04EC0-301F-11D3-BF4B-00C04F79EFBC}") = "Tetris", "Tetris\Tetris.csproj", "{8946ED38-4641-4F2B-824D-D88B5FD70EF5}"
EndProject
Global
	GlobalSection(SolutionConfigurationPlatforms) = preSolution
		Debug|Any CPU = Debug|Any CPU
		Release|Any CPU = Release|Any CPU
	EndGlobalSection
	GlobalSection(ProjectConfigurationPlatforms) = postSolution
		{8946ED38-4641-4F2B-824D-D88B5FD70EF5}.Debug|Any CPU.ActiveCfg = Debug|Any CPU
		{8946ED38-4641-4F2B-824D-D88B5FD70EF5}.Debug|Any CPU.Build.0 = Debug|Any CPU
		{8946ED38-4641-4F2B-824D-D88B5FD70EF5}.Release|Any CPU.ActiveCfg = Release|Any CPU
		{8946ED38-4641-4F2B-824D-D88B5FD70EF5}.Release|Any CPU.Build.0 = Release|Any CPU
	EndGlobalSection
	GlobalSection(SolutionProperties) = preSolution
		HideSolutionNode = FALSE
	EndGlobalSection
	GlobalSection(ExtensibilityGlobals) = postSolution
		SolutionGuid = {D2B4FDAA-3A52-45CA-B9B1-1FD8B3BD37C5}
	EndGlobalSection
EndGlobal
