
Microsoft Visual Studio Solution File, Format Version 12.00
# Visual Studio Version 16
VisualStudioVersion = 16.0.31019.35
MinimumVisualStudioVersion = 10.0.40219.1
Project("{8BC9CEB8-8B4A-11D0-8D11-00A0C91BC942}") = "5월 21일", "5월 21일\5월 21일.vcxproj", "{11792CFA-A57C-41B3-A684-46F55564BB30}"
EndProject
Global
	GlobalSection(SolutionConfigurationPlatforms) = preSolution
		Debug|x64 = Debug|x64
		Debug|x86 = Debug|x86
		Release|x64 = Release|x64
		Release|x86 = Release|x86
	EndGlobalSection
	GlobalSection(ProjectConfigurationPlatforms) = postSolution
		{11792CFA-A57C-41B3-A684-46F55564BB30}.Debug|x64.ActiveCfg = Debug|x64
		{11792CFA-A57C-41B3-A684-46F55564BB30}.Debug|x64.Build.0 = Debug|x64
		{11792CFA-A57C-41B3-A684-46F55564BB30}.Debug|x86.ActiveCfg = Debug|Win32
		{11792CFA-A57C-41B3-A684-46F55564BB30}.Debug|x86.Build.0 = Debug|Win32
		{11792CFA-A57C-41B3-A684-46F55564BB30}.Release|x64.ActiveCfg = Release|x64
		{11792CFA-A57C-41B3-A684-46F55564BB30}.Release|x64.Build.0 = Release|x64
		{11792CFA-A57C-41B3-A684-46F55564BB30}.Release|x86.ActiveCfg = Release|Win32
		{11792CFA-A57C-41B3-A684-46F55564BB30}.Release|x86.Build.0 = Release|Win32
	EndGlobalSection
	GlobalSection(SolutionProperties) = preSolution
		HideSolutionNode = FALSE
	EndGlobalSection
	GlobalSection(ExtensibilityGlobals) = postSolution
		SolutionGuid = {D4EC0E7C-F7D4-430E-98D6-B75D9A1B4313}
	EndGlobalSection
EndGlobal
